// !$*UTF8*$!
{
	archiveVersion = 1;
	classes = {
	};
	objectVersion = 55;
	objects = {

/* Begin PBXBuildFile section */
		BE12CC3F277CD930006636DE /* LandmarksApp.swift in Sources */ = {isa = PBXBuildFile; fileRef = BE12CC3E277CD930006636DE /* LandmarksApp.swift */; };
		BE12CC41277CD930006636DE /* ContentView.swift in Sources */ = {isa = PBXBuildFile; fileRef = BE12CC40277CD930006636DE /* ContentView.swift */; };
		BE12CC43277CD931006636DE /* Assets.xcassets in Resources */ = {isa = PBXBuildFile; fileRef = BE12CC42277CD931006636DE /* Assets.xcassets */; };
		BE12CC46277CD931006636DE /* Preview Assets.xcassets in Resources */ = {isa = PBXBuildFile; fileRef = BE12CC45277CD931006636DE /* Preview Assets.xcassets */; };
		BE12CC51277CFCC0006636DE /* landmarkData.json in Resources */ = {isa = PBXBuildFile; fileRef = BE12CC50277CFCC0006636DE /* landmarkData.json */; };
		BE12CC53277CFD07006636DE /* Landmark.swift in Sources */ = {isa = PBXBuildFile; fileRef = BE12CC52277CFD07006636DE /* Landmark.swift */; };
		BE12CC55277CFE57006636DE /* ModelData.swift in Sources */ = {isa = PBXBuildFile; fileRef = BE12CC54277CFE57006636DE /* ModelData.swift */; };
		BE12CC57277D0178006636DE /* CircleImage.swift in Sources */ = {isa = PBXBuildFile; fileRef = BE12CC56277D0178006636DE /* CircleImage.swift */; };
		BE12CC59277D01B2006636DE /* MapView.swift in Sources */ = {isa = PBXBuildFile; fileRef = BE12CC58277D01B2006636DE /* MapView.swift */; };
		BE12CC5E277D02F1006636DE /* LandmarkRow.swift in Sources */ = {isa = PBXBuildFile; fileRef = BE12CC5D277D02F1006636DE /* LandmarkRow.swift */; };
		BE12CC60277D0695006636DE /* LandmarkList.swift in Sources */ = {isa = PBXBuildFile; fileRef = BE12CC5F277D0695006636DE /* LandmarkList.swift */; };
		BE12CC62277D0875006636DE /* LandmarkDetail.swift in Sources */ = {isa = PBXBuildFile; fileRef = BE12CC61277D0875006636DE /* LandmarkDetail.swift */; };
		BE29285F27821E3A0041A93A /* FavoriteButton.swift in Sources */ = {isa = PBXBuildFile; fileRef = BE29285E27821E3A0041A93A /* FavoriteButton.swift */; };
		BE292863278224E70041A93A /* HexagonParameters.swift in Sources */ = {isa = PBXBuildFile; fileRef = BE292862278224E70041A93A /* HexagonParameters.swift */; };
		BE2928652782264A0041A93A /* BadgeBackground.swift in Sources */ = {isa = PBXBuildFile; fileRef = BE2928642782264A0041A93A /* BadgeBackground.swift */; };
		BE292867278229990041A93A /* BadgeSymbol.swift in Sources */ = {isa = PBXBuildFile; fileRef = BE292866278229990041A93A /* BadgeSymbol.swift */; };
		BE29286927822A1A0041A93A /* RotatedBadgeSymbol.swift in Sources */ = {isa = PBXBuildFile; fileRef = BE29286827822A1A0041A93A /* RotatedBadgeSymbol.swift */; };
		BE29286B27822A770041A93A /* Badge.swift in Sources */ = {isa = PBXBuildFile; fileRef = BE29286A27822A770041A93A /* Badge.swift */; };
		BE29286E27822F420041A93A /* hikeData.json in Resources */ = {isa = PBXBuildFile; fileRef = BE29286D27822F420041A93A /* hikeData.json */; };
		BE29287027822F5A0041A93A /* Hike.swift in Sources */ = {isa = PBXBuildFile; fileRef = BE29286F27822F5A0041A93A /* Hike.swift */; };
		BE29287627822FCA0041A93A /* GraphCapsule.swift in Sources */ = {isa = PBXBuildFile; fileRef = BE29287227822FCA0041A93A /* GraphCapsule.swift */; };
		BE29287727822FCA0041A93A /* HikeGraph.swift in Sources */ = {isa = PBXBuildFile; fileRef = BE29287327822FCA0041A93A /* HikeGraph.swift */; };
		BE29287827822FCA0041A93A /* HikeDetail.swift in Sources */ = {isa = PBXBuildFile; fileRef = BE29287427822FCA0041A93A /* HikeDetail.swift */; };
		BE29287927822FCA0041A93A /* HikeView.swift in Sources */ = {isa = PBXBuildFile; fileRef = BE29287527822FCA0041A93A /* HikeView.swift */; };
		BE29287C278236E10041A93A /* CategoryHome.swift in Sources */ = {isa = PBXBuildFile; fileRef = BE29287B278236E10041A93A /* CategoryHome.swift */; };
		BE29287E278238660041A93A /* CategoryRow.swift in Sources */ = {isa = PBXBuildFile; fileRef = BE29287D278238660041A93A /* CategoryRow.swift */; };
		BE2928802782397E0041A93A /* CategoryItem.swift in Sources */ = {isa = PBXBuildFile; fileRef = BE29287F2782397E0041A93A /* CategoryItem.swift */; };
		BE29288227823E500041A93A /* Profile.swift in Sources */ = {isa = PBXBuildFile; fileRef = BE29288127823E500041A93A /* Profile.swift */; };
		BE29288527823EF90041A93A /* ProfileHost.swift in Sources */ = {isa = PBXBuildFile; fileRef = BE29288427823EF90041A93A /* ProfileHost.swift */; };
		BE29288727823F230041A93A /* ProfileSummary.swift in Sources */ = {isa = PBXBuildFile; fileRef = BE29288627823F230041A93A /* ProfileSummary.swift */; };
		BE29288927823FF60041A93A /* HikeBadge.swift in Sources */ = {isa = PBXBuildFile; fileRef = BE29288827823FF60041A93A /* HikeBadge.swift */; };
		BE29288B278242570041A93A /* ProfileEditor.swift in Sources */ = {isa = PBXBuildFile; fileRef = BE29288A278242570041A93A /* ProfileEditor.swift */; };
		BE29288E2782577E0041A93A /* PageViewController.swift in Sources */ = {isa = PBXBuildFile; fileRef = BE29288D2782577E0041A93A /* PageViewController.swift */; };
		BE29289027825AB00041A93A /* FeatureCard.swift in Sources */ = {isa = PBXBuildFile; fileRef = BE29288F27825AB00041A93A /* FeatureCard.swift */; };
		BE29289227825B350041A93A /* SwiftUIView.swift in Sources */ = {isa = PBXBuildFile; fileRef = BE29289127825B350041A93A /* SwiftUIView.swift */; };
/* End PBXBuildFile section */

/* Begin PBXFileReference section */
		BE12CC3B277CD930006636DE /* Landmarks.app */ = {isa = PBXFileReference; explicitFileType = wrapper.application; includeInIndex = 0; path = Landmarks.app; sourceTree = BUILT_PRODUCTS_DIR; };
		BE12CC3E277CD930006636DE /* LandmarksApp.swift */ = {isa = PBXFileReference; lastKnownFileType = sourcecode.swift; path = LandmarksApp.swift; sourceTree = "<group>"; };
		BE12CC40277CD930006636DE /* ContentView.swift */ = {isa = PBXFileReference; lastKnownFileType = sourcecode.swift; path = ContentView.swift; sourceTree = "<group>"; };
		BE12CC42277CD931006636DE /* Assets.xcassets */ = {isa = PBXFileReference; lastKnownFileType = folder.assetcatalog; path = Assets.xcassets; sourceTree = "<group>"; };
		BE12CC45277CD931006636DE /* Preview Assets.xcassets */ = {isa = PBXFileReference; lastKnownFileType = folder.assetcatalog; path = "Preview Assets.xcassets"; sourceTree = "<group>"; };
		BE12CC50277CFCC0006636DE /* landmarkData.json */ = {isa = PBXFileReference; fileEncoding = 4; lastKnownFileType = text.json; path = landmarkData.json; sourceTree = "<group>"; };
		BE12CC52277CFD07006636DE /* Landmark.swift */ = {isa = PBXFileReference; lastKnownFileType = sourcecode.swift; path = Landmark.swift; sourceTree = "<group>"; };
		BE12CC54277CFE57006636DE /* ModelData.swift */ = {isa = PBXFileReference; lastKnownFileType = sourcecode.swift; path = ModelData.swift; sourceTree = "<group>"; };
		BE12CC56277D0178006636DE /* CircleImage.swift */ = {isa = PBXFileReference; lastKnownFileType = sourcecode.swift; path = CircleImage.swift; sourceTree = "<group>"; };
		BE12CC58277D01B2006636DE /* MapView.swift */ = {isa = PBXFileReference; lastKnownFileType = sourcecode.swift; path = MapView.swift; sourceTree = "<group>"; };
		BE12CC5D277D02F1006636DE /* LandmarkRow.swift */ = {isa = PBXFileReference; lastKnownFileType = sourcecode.swift; path = LandmarkRow.swift; sourceTree = "<group>"; };
		BE12CC5F277D0695006636DE /* LandmarkList.swift */ = {isa = PBXFileReference; lastKnownFileType = sourcecode.swift; path = LandmarkList.swift; sourceTree = "<group>"; };
		BE12CC61277D0875006636DE /* LandmarkDetail.swift */ = {isa = PBXFileReference; lastKnownFileType = sourcecode.swift; path = LandmarkDetail.swift; sourceTree = "<group>"; };
		BE29285E27821E3A0041A93A /* FavoriteButton.swift */ = {isa = PBXFileReference; lastKnownFileType = sourcecode.swift; path = FavoriteButton.swift; sourceTree = "<group>"; };
		BE292862278224E70041A93A /* HexagonParameters.swift */ = {isa = PBXFileReference; lastKnownFileType = sourcecode.swift; path = HexagonParameters.swift; sourceTree = "<group>"; };
		BE2928642782264A0041A93A /* BadgeBackground.swift */ = {isa = PBXFileReference; lastKnownFileType = sourcecode.swift; path = BadgeBackground.swift; sourceTree = "<group>"; };
		BE292866278229990041A93A /* BadgeSymbol.swift */ = {isa = PBXFileReference; lastKnownFileType = sourcecode.swift; path = BadgeSymbol.swift; sourceTree = "<group>"; };
		BE29286827822A1A0041A93A /* RotatedBadgeSymbol.swift */ = {isa = PBXFileReference; lastKnownFileType = sourcecode.swift; path = RotatedBadgeSymbol.swift; sourceTree = "<group>"; };
		BE29286A27822A770041A93A /* Badge.swift */ = {isa = PBXFileReference; lastKnownFileType = sourcecode.swift; path = Badge.swift; sourceTree = "<group>"; };
		BE29286D27822F420041A93A /* hikeData.json */ = {isa = PBXFileReference; fileEncoding = 4; lastKnownFileType = text.json; path = hikeData.json; sourceTree = "<group>"; };
		BE29286F27822F5A0041A93A /* Hike.swift */ = {isa = PBXFileReference; lastKnownFileType = sourcecode.swift; path = Hike.swift; sourceTree = "<group>"; };
		BE29287227822FCA0041A93A /* GraphCapsule.swift */ = {isa = PBXFileReference; fileEncoding = 4; lastKnownFileType = sourcecode.swift; path = GraphCapsule.swift; sourceTree = "<group>"; };
		BE29287327822FCA0041A93A /* HikeGraph.swift */ = {isa = PBXFileReference; fileEncoding = 4; lastKnownFileType = sourcecode.swift; path = HikeGraph.swift; sourceTree = "<group>"; };
		BE29287427822FCA0041A93A /* HikeDetail.swift */ = {isa = PBXFileReference; fileEncoding = 4; lastKnownFileType = sourcecode.swift; path = HikeDetail.swift; sourceTree = "<group>"; };
		BE29287527822FCA0041A93A /* HikeView.swift */ = {isa = PBXFileReference; fileEncoding = 4; lastKnownFileType = sourcecode.swift; path = HikeView.swift; sourceTree = "<group>"; };
		BE29287B278236E10041A93A /* CategoryHome.swift */ = {isa = PBXFileReference; lastKnownFileType = sourcecode.swift; path = CategoryHome.swift; sourceTree = "<group>"; };
		BE29287D278238660041A93A /* CategoryRow.swift */ = {isa = PBXFileReference; lastKnownFileType = sourcecode.swift; path = CategoryRow.swift; sourceTree = "<group>"; };
		BE29287F2782397E0041A93A /* CategoryItem.swift */ = {isa = PBXFileReference; lastKnownFileType = sourcecode.swift; path = CategoryItem.swift; sourceTree = "<group>"; };
		BE29288127823E500041A93A /* Profile.swift */ = {isa = PBXFileReference; lastKnownFileType = sourcecode.swift; path = Profile.swift; sourceTree = "<group>"; };
		BE29288427823EF90041A93A /* ProfileHost.swift */ = {isa = PBXFileReference; lastKnownFileType = sourcecode.swift; path = ProfileHost.swift; sourceTree = "<group>"; };
		BE29288627823F230041A93A /* ProfileSummary.swift */ = {isa = PBXFileReference; lastKnownFileType = sourcecode.swift; path = ProfileSummary.swift; sourceTree = "<group>"; };
		BE29288827823FF60041A93A /* HikeBadge.swift */ = {isa = PBXFileReference; lastKnownFileType = sourcecode.swift; path = HikeBadge.swift; sourceTree = "<group>"; };
		BE29288A278242570041A93A /* ProfileEditor.swift */ = {isa = PBXFileReference; lastKnownFileType = sourcecode.swift; path = ProfileEditor.swift; sourceTree = "<group>"; };
		BE29288D2782577E0041A93A /* PageViewController.swift */ = {isa = PBXFileReference; lastKnownFileType = sourcecode.swift; path = PageViewController.swift; sourceTree = "<group>"; };
		BE29288F27825AB00041A93A /* FeatureCard.swift */ = {isa = PBXFileReference; lastKnownFileType = sourcecode.swift; path = FeatureCard.swift; sourceTree = "<group>"; };
		BE29289127825B350041A93A /* SwiftUIView.swift */ = {isa = PBXFileReference; lastKnownFileType = sourcecode.swift; path = SwiftUIView.swift; sourceTree = "<group>"; };
/* End PBXFileReference section */

/* Begin PBXFrameworksBuildPhase section */
		BE12CC38277CD92F006636DE /* Frameworks */ = {
			isa = PBXFrameworksBuildPhase;
			buildActionMask = 2147483647;
			files = (
			);
			runOnlyForDeploymentPostprocessing = 0;
		};
/* End PBXFrameworksBuildPhase section */

/* Begin PBXGroup section */
		BE12CC32277CD92F006636DE = {
			isa = PBXGroup;
			children = (
				BE12CC3D277CD930006636DE /* Landmarks */,
				BE12CC3C277CD930006636DE /* Products */,
			);
			sourceTree = "<group>";
		};
		BE12CC3C277CD930006636DE /* Products */ = {
			isa = PBXGroup;
			children = (
				BE12CC3B277CD930006636DE /* Landmarks.app */,
			);
			name = Products;
			sourceTree = "<group>";
		};
		BE12CC3D277CD930006636DE /* Landmarks */ = {
			isa = PBXGroup;
			children = (
				BE12CC3E277CD930006636DE /* LandmarksApp.swift */,
				BE12CC5A277D0245006636DE /* Views */,
				BE12CC5B277D0259006636DE /* Model */,
				BE12CC5C277D0285006636DE /* Resources */,
				BE12CC42277CD931006636DE /* Assets.xcassets */,
				BE12CC44277CD931006636DE /* Preview Content */,
			);
			path = Landmarks;
			sourceTree = "<group>";
		};
		BE12CC44277CD931006636DE /* Preview Content */ = {
			isa = PBXGroup;
			children = (
				BE12CC45277CD931006636DE /* Preview Assets.xcassets */,
			);
			path = "Preview Content";
			sourceTree = "<group>";
		};
		BE12CC5A277D0245006636DE /* Views */ = {
			isa = PBXGroup;
			children = (
				BE29288C278257420041A93A /* PageView */,
				BE12CC40277CD930006636DE /* ContentView.swift */,
				BE29287A278236C40041A93A /* Categories */,
				BE29287127822FCA0041A93A /* Hikes */,
				BE29286027821F1B0041A93A /* Landmarks */,
				BE29286C27822B5C0041A93A /* Badges */,
				BE29288327823EA40041A93A /* Profiles */,
				BE29286127821F2E0041A93A /* Helpers */,
			);
			path = Views;
			sourceTree = "<group>";
		};
		BE12CC5B277D0259006636DE /* Model */ = {
			isa = PBXGroup;
			children = (
				BE12CC52277CFD07006636DE /* Landmark.swift */,
				BE12CC54277CFE57006636DE /* ModelData.swift */,
				BE29286F27822F5A0041A93A /* Hike.swift */,
				BE29288127823E500041A93A /* Profile.swift */,
			);
			path = Model;
			sourceTree = "<group>";
		};
		BE12CC5C277D0285006636DE /* Resources */ = {
			isa = PBXGroup;
			children = (
				BE12CC50277CFCC0006636DE /* landmarkData.json */,
				BE29286D27822F420041A93A /* hikeData.json */,
			);
			path = Resources;
			sourceTree = "<group>";
		};
		BE29286027821F1B0041A93A /* Landmarks */ = {
			isa = PBXGroup;
			children = (
				BE12CC5D277D02F1006636DE /* LandmarkRow.swift */,
				BE12CC5F277D0695006636DE /* LandmarkList.swift */,
				BE12CC61277D0875006636DE /* LandmarkDetail.swift */,
			);
			path = Landmarks;
			sourceTree = "<group>";
		};
		BE29286127821F2E0041A93A /* Helpers */ = {
			isa = PBXGroup;
			children = (
				BE12CC56277D0178006636DE /* CircleImage.swift */,
				BE12CC58277D01B2006636DE /* MapView.swift */,
				BE29285E27821E3A0041A93A /* FavoriteButton.swift */,
			);
			path = Helpers;
			sourceTree = "<group>";
		};
		BE29286C27822B5C0041A93A /* Badges */ = {
			isa = PBXGroup;
			children = (
				BE292862278224E70041A93A /* HexagonParameters.swift */,
				BE2928642782264A0041A93A /* BadgeBackground.swift */,
				BE292866278229990041A93A /* BadgeSymbol.swift */,
				BE29286827822A1A0041A93A /* RotatedBadgeSymbol.swift */,
				BE29286A27822A770041A93A /* Badge.swift */,
			);
			path = Badges;
			sourceTree = "<group>";
		};
		BE29287127822FCA0041A93A /* Hikes */ = {
			isa = PBXGroup;
			children = (
				BE29287227822FCA0041A93A /* GraphCapsule.swift */,
				BE29287327822FCA0041A93A /* HikeGraph.swift */,
				BE29287427822FCA0041A93A /* HikeDetail.swift */,
				BE29287527822FCA0041A93A /* HikeView.swift */,
				BE29288827823FF60041A93A /* HikeBadge.swift */,
			);
			path = Hikes;
			sourceTree = "<group>";
		};
		BE29287A278236C40041A93A /* Categories */ = {
			isa = PBXGroup;
			children = (
				BE29287B278236E10041A93A /* CategoryHome.swift */,
				BE29287D278238660041A93A /* CategoryRow.swift */,
				BE29287F2782397E0041A93A /* CategoryItem.swift */,
			);
			path = Categories;
			sourceTree = "<group>";
		};
		BE29288327823EA40041A93A /* Profiles */ = {
			isa = PBXGroup;
			children = (
				BE29288427823EF90041A93A /* ProfileHost.swift */,
				BE29288627823F230041A93A /* ProfileSummary.swift */,
				BE29288A278242570041A93A /* ProfileEditor.swift */,
			);
			path = Profiles;
			sourceTree = "<group>";
		};
		BE29288C278257420041A93A /* PageView */ = {
			isa = PBXGroup;
			children = (
				BE29288D2782577E0041A93A /* PageViewController.swift */,
				BE29288F27825AB00041A93A /* FeatureCard.swift */,
				BE29289127825B350041A93A /* SwiftUIView.swift */,
			);
			path = PageView;
			sourceTree = "<group>";
		};
/* End PBXGroup section */

/* Begin PBXNativeTarget section */
		BE12CC3A277CD92F006636DE /* Landmarks */ = {
			isa = PBXNativeTarget;
			buildConfigurationList = BE12CC49277CD931006636DE /* Build configuration list for PBXNativeTarget "Landmarks" */;
			buildPhases = (
				BE12CC37277CD92F006636DE /* Sources */,
				BE12CC38277CD92F006636DE /* Frameworks */,
				BE12CC39277CD92F006636DE /* Resources */,
			);
			buildRules = (
			);
			dependencies = (
			);
			name = Landmarks;
			productName = Landmarks;
			productReference = BE12CC3B277CD930006636DE /* Landmarks.app */;
			productType = "com.apple.product-type.application";
		};
/* End PBXNativeTarget section */

/* Begin PBXProject section */
		BE12CC33277CD92F006636DE /* Project object */ = {
			isa = PBXProject;
			attributes = {
				BuildIndependentTargetsInParallel = 1;
				LastSwiftUpdateCheck = 1320;
				LastUpgradeCheck = 1320;
				TargetAttributes = {
					BE12CC3A277CD92F006636DE = {
						CreatedOnToolsVersion = 13.2.1;
					};
				};
			};
			buildConfigurationList = BE12CC36277CD92F006636DE /* Build configuration list for PBXProject "Landmarks" */;
			compatibilityVersion = "Xcode 13.0";
			developmentRegion = en;
			hasScannedForEncodings = 0;
			knownRegions = (
				en,
				Base,
			);
			mainGroup = BE12CC32277CD92F006636DE;
			productRefGroup = BE12CC3C277CD930006636DE /* Products */;
			projectDirPath = "";
			projectRoot = "";
			targets = (
				BE12CC3A277CD92F006636DE /* Landmarks */,
			);
		};
/* End PBXProject section */

/* Begin PBXResourcesBuildPhase section */
		BE12CC39277CD92F006636DE /* Resources */ = {
			isa = PBXResourcesBuildPhase;
			buildActionMask = 2147483647;
			files = (
				BE29286E27822F420041A93A /* hikeData.json in Resources */,
				BE12CC46277CD931006636DE /* Preview Assets.xcassets in Resources */,
				BE12CC43277CD931006636DE /* Assets.xcassets in Resources */,
				BE12CC51277CFCC0006636DE /* landmarkData.json in Resources */,
			);
			runOnlyForDeploymentPostprocessing = 0;
		};
/* End PBXResourcesBuildPhase section */

/* Begin PBXSourcesBuildPhase section */
		BE12CC37277CD92F006636DE /* Sources */ = {
			isa = PBXSourcesBuildPhase;
			buildActionMask = 2147483647;
			files = (
				BE29287E278238660041A93A /* CategoryRow.swift in Sources */,
				BE29288227823E500041A93A /* Profile.swift in Sources */,
				BE12CC41277CD930006636DE /* ContentView.swift in Sources */,
				BE29287C278236E10041A93A /* CategoryHome.swift in Sources */,
				BE29289027825AB00041A93A /* FeatureCard.swift in Sources */,
				BE29287727822FCA0041A93A /* HikeGraph.swift in Sources */,
				BE29286B27822A770041A93A /* Badge.swift in Sources */,
				BE12CC59277D01B2006636DE /* MapView.swift in Sources */,
				BE29287627822FCA0041A93A /* GraphCapsule.swift in Sources */,
				BE12CC55277CFE57006636DE /* ModelData.swift in Sources */,
				BE29285F27821E3A0041A93A /* FavoriteButton.swift in Sources */,
				BE2928802782397E0041A93A /* CategoryItem.swift in Sources */,
				BE29287827822FCA0041A93A /* HikeDetail.swift in Sources */,
				BE29288727823F230041A93A /* ProfileSummary.swift in Sources */,
				BE292863278224E70041A93A /* HexagonParameters.swift in Sources */,
				BE29288527823EF90041A93A /* ProfileHost.swift in Sources */,
				BE29287027822F5A0041A93A /* Hike.swift in Sources */,
				BE29286927822A1A0041A93A /* RotatedBadgeSymbol.swift in Sources */,
				BE292867278229990041A93A /* BadgeSymbol.swift in Sources */,
				BE29288B278242570041A93A /* ProfileEditor.swift in Sources */,
				BE12CC60277D0695006636DE /* LandmarkList.swift in Sources */,
				BE29287927822FCA0041A93A /* HikeView.swift in Sources */,
				BE12CC62277D0875006636DE /* LandmarkDetail.swift in Sources */,
				BE29288E2782577E0041A93A /* PageViewController.swift in Sources */,
				BE2928652782264A0041A93A /* BadgeBackground.swift in Sources */,
				BE29288927823FF60041A93A /* HikeBadge.swift in Sources */,
				BE29289227825B350041A93A /* SwiftUIView.swift in Sources */,
				BE12CC3F277CD930006636DE /* LandmarksApp.swift in Sources */,
				BE12CC53277CFD07006636DE /* Landmark.swift in Sources */,
				BE12CC5E277D02F1006636DE /* LandmarkRow.swift in Sources */,
				BE12CC57277D0178006636DE /* CircleImage.swift in Sources */,
			);
			runOnlyForDeploymentPostprocessing = 0;
		};
/* End PBXSourcesBuildPhase section */

/* Begin XCBuildConfiguration section */
		BE12CC47277CD931006636DE /* Debug */ = {
			isa = XCBuildConfiguration;
			buildSettings = {
				ALWAYS_SEARCH_USER_PATHS = NO;
				CLANG_ANALYZER_NONNULL = YES;
				CLANG_ANALYZER_NUMBER_OBJECT_CONVERSION = YES_AGGRESSIVE;
				CLANG_CXX_LANGUAGE_STANDARD = "gnu++17";
				CLANG_CXX_LIBRARY = "libc++";
				CLANG_ENABLE_MODULES = YES;
				CLANG_ENABLE_OBJC_ARC = YES;
				CLANG_ENABLE_OBJC_WEAK = YES;
				CLANG_WARN_BLOCK_CAPTURE_AUTORELEASING = YES;
				CLANG_WARN_BOOL_CONVERSION = YES;
				CLANG_WARN_COMMA = YES;
				CLANG_WARN_CONSTANT_CONVERSION = YES;
				CLANG_WARN_DEPRECATED_OBJC_IMPLEMENTATIONS = YES;
				CLANG_WARN_DIRECT_OBJC_ISA_USAGE = YES_ERROR;
				CLANG_WARN_DOCUMENTATION_COMMENTS = YES;
				CLANG_WARN_EMPTY_BODY = YES;
				CLANG_WARN_ENUM_CONVERSION = YES;
				CLANG_WARN_INFINITE_RECURSION = YES;
				CLANG_WARN_INT_CONVERSION = YES;
				CLANG_WARN_NON_LITERAL_NULL_CONVERSION = YES;
				CLANG_WARN_OBJC_IMPLICIT_RETAIN_SELF = YES;
				CLANG_WARN_OBJC_LITERAL_CONVERSION = YES;
				CLANG_WARN_OBJC_ROOT_CLASS = YES_ERROR;
				CLANG_WARN_QUOTED_INCLUDE_IN_FRAMEWORK_HEADER = YES;
				CLANG_WARN_RANGE_LOOP_ANALYSIS = YES;
				CLANG_WARN_STRICT_PROTOTYPES = YES;
				CLANG_WARN_SUSPICIOUS_MOVE = YES;
				CLANG_WARN_UNGUARDED_AVAILABILITY = YES_AGGRESSIVE;
				CLANG_WARN_UNREACHABLE_CODE = YES;
				CLANG_WARN__DUPLICATE_METHOD_MATCH = YES;
				COPY_PHASE_STRIP = NO;
				DEBUG_INFORMATION_FORMAT = dwarf;
				ENABLE_STRICT_OBJC_MSGSEND = YES;
				ENABLE_TESTABILITY = YES;
				GCC_C_LANGUAGE_STANDARD = gnu11;
				GCC_DYNAMIC_NO_PIC = NO;
				GCC_NO_COMMON_BLOCKS = YES;
				GCC_OPTIMIZATION_LEVEL = 0;
				GCC_PREPROCESSOR_DEFINITIONS = (
					"DEBUG=1",
					"$(inherited)",
				);
				GCC_WARN_64_TO_32_BIT_CONVERSION = YES;
				GCC_WARN_ABOUT_RETURN_TYPE = YES_ERROR;
				GCC_WARN_UNDECLARED_SELECTOR = YES;
				GCC_WARN_UNINITIALIZED_AUTOS = YES_AGGRESSIVE;
				GCC_WARN_UNUSED_FUNCTION = YES;
				GCC_WARN_UNUSED_VARIABLE = YES;
				IPHONEOS_DEPLOYMENT_TARGET = 15.2;
				MTL_ENABLE_DEBUG_INFO = INCLUDE_SOURCE;
				MTL_FAST_MATH = YES;
				ONLY_ACTIVE_ARCH = YES;
				SDKROOT = iphoneos;
				SWIFT_ACTIVE_COMPILATION_CONDITIONS = DEBUG;
				SWIFT_OPTIMIZATION_LEVEL = "-Onone";
			};
			name = Debug;
		};
		BE12CC48277CD931006636DE /* Release */ = {
			isa = XCBuildConfiguration;
			buildSettings = {
				ALWAYS_SEARCH_USER_PATHS = NO;
				CLANG_ANALYZER_NONNULL = YES;
				CLANG_ANALYZER_NUMBER_OBJECT_CONVERSION = YES_AGGRESSIVE;
				CLANG_CXX_LANGUAGE_STANDARD = "gnu++17";
				CLANG_CXX_LIBRARY = "libc++";
				CLANG_ENABLE_MODULES = YES;
				CLANG_ENABLE_OBJC_ARC = YES;
				CLANG_ENABLE_OBJC_WEAK = YES;
				CLANG_WARN_BLOCK_CAPTURE_AUTORELEASING = YES;
				CLANG_WARN_BOOL_CONVERSION = YES;
				CLANG_WARN_COMMA = YES;
				CLANG_WARN_CONSTANT_CONVERSION = YES;
				CLANG_WARN_DEPRECATED_OBJC_IMPLEMENTATIONS = YES;
				CLANG_WARN_DIRECT_OBJC_ISA_USAGE = YES_ERROR;
				CLANG_WARN_DOCUMENTATION_COMMENTS = YES;
				CLANG_WARN_EMPTY_BODY = YES;
				CLANG_WARN_ENUM_CONVERSION = YES;
				CLANG_WARN_INFINITE_RECURSION = YES;
				CLANG_WARN_INT_CONVERSION = YES;
				CLANG_WARN_NON_LITERAL_NULL_CONVERSION = YES;
				CLANG_WARN_OBJC_IMPLICIT_RETAIN_SELF = YES;
				CLANG_WARN_OBJC_LITERAL_CONVERSION = YES;
				CLANG_WARN_OBJC_ROOT_CLASS = YES_ERROR;
				CLANG_WARN_QUOTED_INCLUDE_IN_FRAMEWORK_HEADER = YES;
				CLANG_WARN_RANGE_LOOP_ANALYSIS = YES;
				CLANG_WARN_STRICT_PROTOTYPES = YES;
				CLANG_WARN_SUSPICIOUS_MOVE = YES;
				CLANG_WARN_UNGUARDED_AVAILABILITY = YES_AGGRESSIVE;
				CLANG_WARN_UNREACHABLE_CODE = YES;
				CLANG_WARN__DUPLICATE_METHOD_MATCH = YES;
				COPY_PHASE_STRIP = NO;
				DEBUG_INFORMATION_FORMAT = "dwarf-with-dsym";
				ENABLE_NS_ASSERTIONS = NO;
				ENABLE_STRICT_OBJC_MSGSEND = YES;
				GCC_C_LANGUAGE_STANDARD = gnu11;
				GCC_NO_COMMON_BLOCKS = YES;
				GCC_WARN_64_TO_32_BIT_CONVERSION = YES;
				GCC_WARN_ABOUT_RETURN_TYPE = YES_ERROR;
				GCC_WARN_UNDECLARED_SELECTOR = YES;
				GCC_WARN_UNINITIALIZED_AUTOS = YES_AGGRESSIVE;
				GCC_WARN_UNUSED_FUNCTION = YES;
				GCC_WARN_UNUSED_VARIABLE = YES;
				IPHONEOS_DEPLOYMENT_TARGET = 15.2;
				MTL_ENABLE_DEBUG_INFO = NO;
				MTL_FAST_MATH = YES;
				SDKROOT = iphoneos;
				SWIFT_COMPILATION_MODE = wholemodule;
				SWIFT_OPTIMIZATION_LEVEL = "-O";
				VALIDATE_PRODUCT = YES;
			};
			name = Release;
		};
		BE12CC4A277CD931006636DE /* Debug */ = {
			isa = XCBuildConfiguration;
			buildSettings = {
				ASSETCATALOG_COMPILER_APPICON_NAME = AppIcon;
				ASSETCATALOG_COMPILER_GLOBAL_ACCENT_COLOR_NAME = AccentColor;
				CODE_SIGN_STYLE = Automatic;
				CURRENT_PROJECT_VERSION = 1;
				DEVELOPMENT_ASSET_PATHS = "\"Landmarks/Preview Content\"";
				DEVELOPMENT_TEAM = FTBRR688DQ;
				ENABLE_PREVIEWS = YES;
				GENERATE_INFOPLIST_FILE = YES;
				INFOPLIST_KEY_UIApplicationSceneManifest_Generation = YES;
				INFOPLIST_KEY_UIApplicationSupportsIndirectInputEvents = YES;
				INFOPLIST_KEY_UILaunchScreen_Generation = YES;
				INFOPLIST_KEY_UISupportedInterfaceOrientations_iPad = "UIInterfaceOrientationPortrait UIInterfaceOrientationPortraitUpsideDown UIInterfaceOrientationLandscapeLeft UIInterfaceOrientationLandscapeRight";
				INFOPLIST_KEY_UISupportedInterfaceOrientations_iPhone = "UIInterfaceOrientationPortrait UIInterfaceOrientationLandscapeLeft UIInterfaceOrientationLandscapeRight";
				LD_RUNPATH_SEARCH_PATHS = (
					"$(inherited)",
					"@executable_path/Frameworks",
				);
				MARKETING_VERSION = 1.0;
				PRODUCT_BUNDLE_IDENTIFIER = LSH01.Landmarks;
				PRODUCT_NAME = "$(TARGET_NAME)";
				SWIFT_EMIT_LOC_STRINGS = YES;
				SWIFT_VERSION = 5.0;
				TARGETED_DEVICE_FAMILY = "1,2";
			};
			name = Debug;
		};
		BE12CC4B277CD931006636DE /* Release */ = {
			isa = XCBuildConfiguration;
			buildSettings = {
				ASSETCATALOG_COMPILER_APPICON_NAME = AppIcon;
				ASSETCATALOG_COMPILER_GLOBAL_ACCENT_COLOR_NAME = AccentColor;
				CODE_SIGN_STYLE = Automatic;
				CURRENT_PROJECT_VERSION = 1;
				DEVELOPMENT_ASSET_PATHS = "\"Landmarks/Preview Content\"";
				DEVELOPMENT_TEAM = FTBRR688DQ;
				ENABLE_PREVIEWS = YES;
				GENERATE_INFOPLIST_FILE = YES;
				INFOPLIST_KEY_UIApplicationSceneManifest_Generation = YES;
				INFOPLIST_KEY_UIApplicationSupportsIndirectInputEvents = YES;
				INFOPLIST_KEY_UILaunchScreen_Generation = YES;
				INFOPLIST_KEY_UISupportedInterfaceOrientations_iPad = "UIInterfaceOrientationPortrait UIInterfaceOrientationPortraitUpsideDown UIInterfaceOrientationLandscapeLeft UIInterfaceOrientationLandscapeRight";
				INFOPLIST_KEY_UISupportedInterfaceOrientations_iPhone = "UIInterfaceOrientationPortrait UIInterfaceOrientationLandscapeLeft UIInterfaceOrientationLandscapeRight";
				LD_RUNPATH_SEARCH_PATHS = (
					"$(inherited)",
					"@executable_path/Frameworks",
				);
				MARKETING_VERSION = 1.0;
				PRODUCT_BUNDLE_IDENTIFIER = LSH01.Landmarks;
				PRODUCT_NAME = "$(TARGET_NAME)";
				SWIFT_EMIT_LOC_STRINGS = YES;
				SWIFT_VERSION = 5.0;
				TARGETED_DEVICE_FAMILY = "1,2";
			};
			name = Release;
		};
/* End XCBuildConfiguration section */

/* Begin XCConfigurationList section */
		BE12CC36277CD92F006636DE /* Build configuration list for PBXProject "Landmarks" */ = {
			isa = XCConfigurationList;
			buildConfigurations = (
				BE12CC47277CD931006636DE /* Debug */,
				BE12CC48277CD931006636DE /* Release */,
			);
			defaultConfigurationIsVisible = 0;
			defaultConfigurationName = Release;
		};
		BE12CC49277CD931006636DE /* Build configuration list for PBXNativeTarget "Landmarks" */ = {
			isa = XCConfigurationList;
			buildConfigurations = (
				BE12CC4A277CD931006636DE /* Debug */,
				BE12CC4B277CD931006636DE /* Release */,
			);
			defaultConfigurationIsVisible = 0;
			defaultConfigurationName = Release;
		};
/* End XCConfigurationList section */
	};
	rootObject = BE12CC33277CD92F006636DE /* Project object */;
}
